// !$*UTF8*$!
{
	archiveVersion = 1;
	classes = {
	};
	objectVersion = 46;
	objects = {

/* Begin PBXBuildFile section */
		9481573C1E799E9D00E56625 /* AppDelegate.swift in Sources */ = {isa = PBXBuildFile; fileRef = 9481573B1E799E9D00E56625 /* AppDelegate.swift */; };
		9481573E1E799E9D00E56625 /* ViewController.swift in Sources */ = {isa = PBXBuildFile; fileRef = 9481573D1E799E9D00E56625 /* ViewController.swift */; };
		948157411E799E9D00E56625 /* Main.storyboard in Resources */ = {isa = PBXBuildFile; fileRef = 9481573F1E799E9D00E56625 /* Main.storyboard */; };
		948157431E799E9D00E56625 /* Assets.xcassets in Resources */ = {isa = PBXBuildFile; fileRef = 948157421E799E9D00E56625 /* Assets.xcassets */; };
		948157461E799E9D00E56625 /* LaunchScreen.storyboard in Resources */ = {isa = PBXBuildFile; fileRef = 948157441E799E9D00E56625 /* LaunchScreen.storyboard */; };
/* End PBXBuildFile section */

/* Begin PBXFileReference section */
		948157381E799E9D00E56625 /* Fighter.app */ = {isa = PBXFileReference; explicitFileType = wrapper.application; includeInIndex = 0; path = Fighter.app; sourceTree = BUILT_PRODUCTS_DIR; };
		9481573B1E799E9D00E56625 /* AppDelegate.swift */ = {isa = PBXFileReference; lastKnownFileType = sourcecode.swift; path = AppDelegate.swift; sourceTree = "<group>"; };
		9481573D1E799E9D00E56625 /* ViewController.swift */ = {isa = PBXFileReference; lastKnownFileType = sourcecode.swift; path = ViewController.swift; sourceTree = "<group>"; };
		948157401E799E9D00E56625 /* Base */ = {isa = PBXFileReference; lastKnownFileType = file.storyboard; name = Base; path = Base.lproj/Main.storyboard; sourceTree = "<group>"; };
		948157421E799E9D00E56625 /* Assets.xcassets */ = {isa = PBXFileReference; lastKnownFileType = folder.assetcatalog; path = Assets.xcassets; sourceTree = "<group>"; };
		948157451E799E9D00E56625 /* Base */ = {isa = PBXFileReference; lastKnownFileType = file.storyboard; name = Base; path = Base.lproj/LaunchScreen.storyboard; sourceTree = "<group>"; };
		948157471E799E9D00E56625 /* Info.plist */ = {isa = PBXFileReference; lastKnownFileType = text.plist.xml; path = Info.plist; sourceTree = "<group>"; };
/* End PBXFileReference section */

/* Begin PBXFrameworksBuildPhase section */
		948157351E799E9D00E56625 /* Frameworks */ = {
			isa = PBXFrameworksBuildPhase;
			buildActionMask = 2147483647;
			files = (
			);
			runOnlyForDeploymentPostprocessing = 0;
		};
/* End PBXFrameworksBuildPhase section */

/* Begin PBXGroup section */
		9481572F1E799E9C00E56625 = {
			isa = PBXGroup;
			children = (
				9481573A1E799E9D00E56625 /* Fighter */,
				948157391E799E9D00E56625 /* Products */,
			);
			sourceTree = "<group>";
		};
		948157391E799E9D00E56625 /* Products */ = {
			isa = PBXGroup;
			children = (
				948157381E799E9D00E56625 /* Fighter.app */,
			);
			name = Products;
			sourceTree = "<group>";
		};
		9481573A1E799E9D00E56625 /* Fighter */ = {
			isa = PBXGroup;
			children = (
				9481573B1E799E9D00E56625 /* AppDelegate.swift */,
				9481573D1E799E9D00E56625 /* ViewController.swift */,
				9481573F1E799E9D00E56625 /* Main.storyboard */,
				948157421E799E9D00E56625 /* Assets.xcassets */,
				948157441E799E9D00E56625 /* LaunchScreen.storyboard */,
				948157471E799E9D00E56625 /* Info.plist */,
			);
			path = Fighter;
			sourceTree = "<group>";
		};
/* End PBXGroup section */

/* Begin PBXNativeTarget section */
		948157371E799E9D00E56625 /* Fighter */ = {
			isa = PBXNativeTarget;
			buildConfigurationList = 9481574A1E799E9D00E56625 /* Build configuration list for PBXNativeTarget "Fighter" */;
			buildPhases = (
				948157341E799E9D00E56625 /* Sources */,
				948157351E799E9D00E56625 /* Frameworks */,
				948157361E799E9D00E56625 /* Resources */,
			);
			buildRules = (
			);
			dependencies = (
			);
			name = Fighter;
			productName = Fighter;
			productReference = 948157381E799E9D00E56625 /* Fighter.app */;
			productType = "com.apple.product-type.application";
		};
/* End PBXNativeTarget section */

/* Begin PBXProject section */
		948157301E799E9C00E56625 /* Project object */ = {
			isa = PBXProject;
			attributes = {
				LastSwiftUpdateCheck = 0820;
				LastUpgradeCheck = 0820;
				ORGANIZATIONNAME = Atomax;
				TargetAttributes = {
					948157371E799E9D00E56625 = {
						CreatedOnToolsVersion = 8.2.1;
						DevelopmentTeam = 9Z7XRG6H79;
						ProvisioningStyle = Automatic;
					};
				};
			};
			buildConfigurationList = 948157331E799E9C00E56625 /* Build configuration list for PBXProject "Fighter" */;
			compatibilityVersion = "Xcode 3.2";
			developmentRegion = English;
			hasScannedForEncodings = 0;
			knownRegions = (
				en,
				Base,
			);
			mainGroup = 9481572F1E799E9C00E56625;
			productRefGroup = 948157391E799E9D00E56625 /* Products */;
			projectDirPath = "";
			projectRoot = "";
			targets = (
				948157371E799E9D00E56625 /* Fighter */,
			);
		};
/* End PBXProject section */

/* Begin PBXResourcesBuildPhase section */
		948157361E799E9D00E56625 /* Resources */ = {
			isa = PBXResourcesBuildPhase;
			buildActionMask = 2147483647;
			files = (
				948157461E799E9D00E56625 /* LaunchScreen.storyboard in Resources */,
				948157431E799E9D00E56625 /* Assets.xcassets in Resources */,
				948157411E799E9D00E56625 /* Main.storyboard in Resources */,
			);
			runOnlyForDeploymentPostprocessing = 0;
		};
/* End PBXResourcesBuildPhase section */

/* Begin PBXSourcesBuildPhase section */
		948157341E799E9D00E56625 /* Sources */ = {
			isa = PBXSourcesBuildPhase;
			buildActionMask = 2147483647;
			files = (
				9481573E1E799E9D00E56625 /* ViewController.swift in Sources */,
				9481573C1E799E9D00E56625 /* AppDelegate.swift in Sources */,
			);
			runOnlyForDeploymentPostprocessing = 0;
		};
/* End PBXSourcesBuildPhase section */

/* Begin PBXVariantGroup section */
		9481573F1E799E9D00E56625 /* Main.storyboard */ = {
			isa = PBXVariantGroup;
			children = (
				948157401E799E9D00E56625 /* Base */,
			);
			name = Main.storyboard;
			sourceTree = "<group>";
		};
		948157441E799E9D00E56625 /* LaunchScreen.storyboard */ = {
			isa = PBXVariantGroup;
			children = (
				948157451E799E9D00E56625 /* Base */,
			);
			name = LaunchScreen.storyboard;
			sourceTree = "<group>";
		};
/* End PBXVariantGroup section */

/* Begin XCBuildConfiguration section */
		948157481E799E9D00E56625 /* Debug */ = {
			isa = XCBuildConfiguration;
			buildSettings = {
				ALWAYS_SEARCH_USER_PATHS = NO;
				CLANG_ANALYZER_NONNULL = YES;
				CLANG_CXX_LANGUAGE_STANDARD = "gnu++0x";
				CLANG_CXX_LIBRARY = "libc++";
				CLANG_ENABLE_MODULES = YES;
				CLANG_ENABLE_OBJC_ARC = YES;
				CLANG_WARN_BOOL_CONVERSION = YES;
				CLANG_WARN_CONSTANT_CONVERSION = YES;
				CLANG_WARN_DIRECT_OBJC_ISA_USAGE = YES_ERROR;
				CLANG_WARN_DOCUMENTATION_COMMENTS = YES;
				CLANG_WARN_EMPTY_BODY = YES;
				CLANG_WARN_ENUM_CONVERSION = YES;
				CLANG_WARN_INFINITE_RECURSION = YES;
				CLANG_WARN_INT_CONVERSION = YES;
				CLANG_WARN_OBJC_ROOT_CLASS = YES_ERROR;
				CLANG_WARN_SUSPICIOUS_MOVE = YES;
				CLANG_WARN_UNREACHABLE_CODE = YES;
				CLANG_WARN__DUPLICATE_METHOD_MATCH = YES;
				"CODE_SIGN_IDENTITY[sdk=iphoneos*]" = "iPhone Developer";
				COPY_PHASE_STRIP = NO;
				DEBUG_INFORMATION_FORMAT = dwarf;
				ENABLE_STRICT_OBJC_MSGSEND = YES;
				ENABLE_TESTABILITY = YES;
				GCC_C_LANGUAGE_STANDARD = gnu99;
				GCC_DYNAMIC_NO_PIC = NO;
				GCC_NO_COMMON_BLOCKS = YES;
				GCC_OPTIMIZATION_LEVEL = 0;
				GCC_PREPROCESSOR_DEFINITIONS = (
					"DEBUG=1",
					"$(inherited)",
				);
				GCC_WARN_64_TO_32_BIT_CONVERSION = YES;
				GCC_WARN_ABOUT_RETURN_TYPE = YES_ERROR;
				GCC_WARN_UNDECLARED_SELECTOR = YES;
				GCC_WARN_UNINITIALIZED_AUTOS = YES_AGGRESSIVE;
				GCC_WARN_UNUSED_FUNCTION = YES;
				GCC_WARN_UNUSED_VARIABLE = YES;
				IPHONEOS_DEPLOYMENT_TARGET = 10.2;
				MTL_ENABLE_DEBUG_INFO = YES;
				ONLY_ACTIVE_ARCH = YES;
				SDKROOT = iphoneos;
				SWIFT_ACTIVE_COMPILATION_CONDITIONS = DEBUG;
				SWIFT_OPTIMIZATION_LEVEL = "-Onone";
			};
			name = Debug;
		};
		948157491E799E9D00E56625 /* Release */ = {
			isa = XCBuildConfiguration;
			buildSettings = {
				ALWAYS_SEARCH_USER_PATHS = NO;
				CLANG_ANALYZER_NONNULL = YES;
				CLANG_CXX_LANGUAGE_STANDARD = "gnu++0x";
				CLANG_CXX_LIBRARY = "libc++";
				CLANG_ENABLE_MODULES = YES;
				CLANG_ENABLE_OBJC_ARC = YES;
				CLANG_WARN_BOOL_CONVERSION = YES;
				CLANG_WARN_CONSTANT_CONVERSION = YES;
				CLANG_WARN_DIRECT_OBJC_ISA_USAGE = YES_ERROR;
				CLANG_WARN_DOCUMENTATION_COMMENTS = YES;
				CLANG_WARN_EMPTY_BODY = YES;
				CLANG_WARN_ENUM_CONVERSION = YES;
				CLANG_WARN_INFINITE_RECURSION = YES;
				CLANG_WARN_INT_CONVERSION = YES;
				CLANG_WARN_OBJC_ROOT_CLASS = YES_ERROR;
				CLANG_WARN_SUSPICIOUS_MOVE = YES;
				CLANG_WARN_UNREACHABLE_CODE = YES;
				CLANG_WARN__DUPLICATE_METHOD_MATCH = YES;
				"CODE_SIGN_IDENTITY[sdk=iphoneos*]" = "iPhone Developer";
				COPY_PHASE_STRIP = NO;
				DEBUG_INFORMATION_FORMAT = "dwarf-with-dsym";
				ENABLE_NS_ASSERTIONS = NO;
				ENABLE_STRICT_OBJC_MSGSEND = YES;
				GCC_C_LANGUAGE_STANDARD = gnu99;
				GCC_NO_COMMON_BLOCKS = YES;
				GCC_WARN_64_TO_32_BIT_CONVERSION = YES;
				GCC_WARN_ABOUT_RETURN_TYPE = YES_ERROR;
				GCC_WARN_UNDECLARED_SELECTOR = YES;
				GCC_WARN_UNINITIALIZED_AUTOS = YES_AGGRESSIVE;
				GCC_WARN_UNUSED_FUNCTION = YES;
				GCC_WARN_UNUSED_VARIABLE = YES;
				IPHONEOS_DEPLOYMENT_TARGET = 10.2;
				MTL_ENABLE_DEBUG_INFO = NO;
				SDKROOT = iphoneos;
				SWIFT_OPTIMIZATION_LEVEL = "-Owholemodule";
				VALIDATE_PRODUCT = YES;
			};
			name = Release;
		};
		9481574B1E799E9D00E56625 /* Debug */ = {
			isa = XCBuildConfiguration;
			buildSettings = {
				ASSETCATALOG_COMPILER_APPICON_NAME = AppIcon;
				DEVELOPMENT_TEAM = 9Z7XRG6H79;
				INFOPLIST_FILE = Fighter/Info.plist;
				LD_RUNPATH_SEARCH_PATHS = "$(inherited) @executable_path/Frameworks";
				PRODUCT_BUNDLE_IDENTIFIER = com.atoamxinc.live.Fighter;
				PRODUCT_NAME = "$(TARGET_NAME)";
				SWIFT_VERSION = 3.0;
			};
			name = Debug;
		};
		9481574C1E799E9D00E56625 /* Release */ = {
			isa = XCBuildConfiguration;
			buildSettings = {
				ASSETCATALOG_COMPILER_APPICON_NAME = AppIcon;
				DEVELOPMENT_TEAM = 9Z7XRG6H79;
				INFOPLIST_FILE = Fighter/Info.plist;
				LD_RUNPATH_SEARCH_PATHS = "$(inherited) @executable_path/Frameworks";
				PRODUCT_BUNDLE_IDENTIFIER = com.atoamxinc.live.Fighter;
				PRODUCT_NAME = "$(TARGET_NAME)";
				SWIFT_VERSION = 3.0;
			};
			name = Release;
		};
/* End XCBuildConfiguration section */

/* Begin XCConfigurationList section */
		948157331E799E9C00E56625 /* Build configuration list for PBXProject "Fighter" */ = {
			isa = XCConfigurationList;
			buildConfigurations = (
				948157481E799E9D00E56625 /* Debug */,
				948157491E799E9D00E56625 /* Release */,
			);
			defaultConfigurationIsVisible = 0;
			defaultConfigurationName = Release;
		};
		9481574A1E799E9D00E56625 /* Build configuration list for PBXNativeTarget "Fighter" */ = {
			isa = XCConfigurationList;
			buildConfigurations = (
				9481574B1E799E9D00E56625 /* Debug */,
				9481574C1E799E9D00E56625 /* Release */,
			);
			defaultConfigurationIsVisible = 0;
		};
/* End XCConfigurationList section */
	};
	rootObject = 948157301E799E9C00E56625 /* Project object */;
}
