// !$*UTF8*$!
{
	archiveVersion = 1;
	classes = {
	};
	objectVersion = 46;
	objects = {

/* Begin PBXBuildFile section */
		7C28F30B00E37E00BC73F994 /* Pods_Fighter.framework in Frameworks */ = {isa = PBXBuildFile; fileRef = AD39D5550769808BA8BA50B7 /* Pods_Fighter.framework */; };
		9481573C1E799E9D00E56625 /* AppDelegate.swift in Sources */ = {isa = PBXBuildFile; fileRef = 9481573B1E799E9D00E56625 /* AppDelegate.swift */; };
		9481573E1E799E9D00E56625 /* ViewController.swift in Sources */ = {isa = PBXBuildFile; fileRef = 9481573D1E799E9D00E56625 /* ViewController.swift */; };
		948157411E799E9D00E56625 /* Main.storyboard in Resources */ = {isa = PBXBuildFile; fileRef = 9481573F1E799E9D00E56625 /* Main.storyboard */; };
		948157431E799E9D00E56625 /* Assets.xcassets in Resources */ = {isa = PBXBuildFile; fileRef = 948157421E799E9D00E56625 /* Assets.xcassets */; };
		948157461E799E9D00E56625 /* LaunchScreen.storyboard in Resources */ = {isa = PBXBuildFile; fileRef = 948157441E799E9D00E56625 /* LaunchScreen.storyboard */; };
		9481574E1E79A8B900E56625 /* EnemyEngine.swift in Sources */ = {isa = PBXBuildFile; fileRef = 9481574D1E79A8B900E56625 /* EnemyEngine.swift */; };
		94A94EAF1E79C0E800E37687 /* SoundEffect.mp3 in Resources */ = {isa = PBXBuildFile; fileRef = 94A94EAE1E79C0E800E37687 /* SoundEffect.mp3 */; };
		94A94EB11E7AD71700E37687 /* AudioToolbox.framework in Frameworks */ = {isa = PBXBuildFile; fileRef = 94A94EB01E7AD71700E37687 /* AudioToolbox.framework */; };
		94A94EB31E7AD77900E37687 /* AVFoundation.framework in Frameworks */ = {isa = PBXBuildFile; fileRef = 94A94EB21E7AD77900E37687 /* AVFoundation.framework */; };
		94A94EB51E7AD92F00E37687 /* MeLayer.swift in Sources */ = {isa = PBXBuildFile; fileRef = 94A94EB41E7AD92F00E37687 /* MeLayer.swift */; };
		94A94EBB1E7AE38400E37687 /* StartOverViewController.swift in Sources */ = {isa = PBXBuildFile; fileRef = 94A94EBA1E7AE38400E37687 /* StartOverViewController.swift */; };
		94A94EBD1E7AE66000E37687 /* EnemyLayer.swift in Sources */ = {isa = PBXBuildFile; fileRef = 94A94EBC1E7AE66000E37687 /* EnemyLayer.swift */; };
/* End PBXBuildFile section */

/* Begin PBXFileReference section */
		948157381E799E9D00E56625 /* Fighter.app */ = {isa = PBXFileReference; explicitFileType = wrapper.application; includeInIndex = 0; path = Fighter.app; sourceTree = BUILT_PRODUCTS_DIR; };
		9481573B1E799E9D00E56625 /* AppDelegate.swift */ = {isa = PBXFileReference; lastKnownFileType = sourcecode.swift; path = AppDelegate.swift; sourceTree = "<group>"; };
		9481573D1E799E9D00E56625 /* ViewController.swift */ = {isa = PBXFileReference; lastKnownFileType = sourcecode.swift; path = ViewController.swift; sourceTree = "<group>"; };
		948157401E799E9D00E56625 /* Base */ = {isa = PBXFileReference; lastKnownFileType = file.storyboard; name = Base; path = Base.lproj/Main.storyboard; sourceTree = "<group>"; };
		948157421E799E9D00E56625 /* Assets.xcassets */ = {isa = PBXFileReference; lastKnownFileType = folder.assetcatalog; path = Assets.xcassets; sourceTree = "<group>"; };
		948157451E799E9D00E56625 /* Base */ = {isa = PBXFileReference; lastKnownFileType = file.storyboard; name = Base; path = Base.lproj/LaunchScreen.storyboard; sourceTree = "<group>"; };
		948157471E799E9D00E56625 /* Info.plist */ = {isa = PBXFileReference; lastKnownFileType = text.plist.xml; path = Info.plist; sourceTree = "<group>"; };
		9481574D1E79A8B900E56625 /* EnemyEngine.swift */ = {isa = PBXFileReference; fileEncoding = 4; lastKnownFileType = sourcecode.swift; path = EnemyEngine.swift; sourceTree = "<group>"; };
		94A94EAE1E79C0E800E37687 /* SoundEffect.mp3 */ = {isa = PBXFileReference; lastKnownFileType = audio.mp3; path = SoundEffect.mp3; sourceTree = "<group>"; };
		94A94EB01E7AD71700E37687 /* AudioToolbox.framework */ = {isa = PBXFileReference; lastKnownFileType = wrapper.framework; name = AudioToolbox.framework; path = System/Library/Frameworks/AudioToolbox.framework; sourceTree = SDKROOT; };
		94A94EB21E7AD77900E37687 /* AVFoundation.framework */ = {isa = PBXFileReference; lastKnownFileType = wrapper.framework; name = AVFoundation.framework; path = System/Library/Frameworks/AVFoundation.framework; sourceTree = SDKROOT; };
		94A94EB41E7AD92F00E37687 /* MeLayer.swift */ = {isa = PBXFileReference; fileEncoding = 4; lastKnownFileType = sourcecode.swift; path = MeLayer.swift; sourceTree = "<group>"; };
		94A94EBA1E7AE38400E37687 /* StartOverViewController.swift */ = {isa = PBXFileReference; fileEncoding = 4; lastKnownFileType = sourcecode.swift; path = StartOverViewController.swift; sourceTree = "<group>"; };
		94A94EBC1E7AE66000E37687 /* EnemyLayer.swift */ = {isa = PBXFileReference; fileEncoding = 4; lastKnownFileType = sourcecode.swift; path = EnemyLayer.swift; sourceTree = "<group>"; };
		AD39D5550769808BA8BA50B7 /* Pods_Fighter.framework */ = {isa = PBXFileReference; explicitFileType = wrapper.framework; includeInIndex = 0; path = Pods_Fighter.framework; sourceTree = BUILT_PRODUCTS_DIR; };
		B1E3002D67F17192AA3138C5 /* Pods-Fighter.release.xcconfig */ = {isa = PBXFileReference; includeInIndex = 1; lastKnownFileType = text.xcconfig; name = "Pods-Fighter.release.xcconfig"; path = "Pods/Target Support Files/Pods-Fighter/Pods-Fighter.release.xcconfig"; sourceTree = "<group>"; };
		CF422E607A4D4F4B2AFB8B0F /* Pods-Fighter.debug.xcconfig */ = {isa = PBXFileReference; includeInIndex = 1; lastKnownFileType = text.xcconfig; name = "Pods-Fighter.debug.xcconfig"; path = "Pods/Target Support Files/Pods-Fighter/Pods-Fighter.debug.xcconfig"; sourceTree = "<group>"; };
/* End PBXFileReference section */

/* Begin PBXFrameworksBuildPhase section */
		948157351E799E9D00E56625 /* Frameworks */ = {
			isa = PBXFrameworksBuildPhase;
			buildActionMask = 2147483647;
			files = (
				94A94EB31E7AD77900E37687 /* AVFoundation.framework in Frameworks */,
				94A94EB11E7AD71700E37687 /* AudioToolbox.framework in Frameworks */,
				7C28F30B00E37E00BC73F994 /* Pods_Fighter.framework in Frameworks */,
			);
			runOnlyForDeploymentPostprocessing = 0;
		};
/* End PBXFrameworksBuildPhase section */

/* Begin PBXGroup section */
		608057A2DE7BAAF331133FC3 /* Frameworks */ = {
			isa = PBXGroup;
			children = (
				94A94EB21E7AD77900E37687 /* AVFoundation.framework */,
				94A94EB01E7AD71700E37687 /* AudioToolbox.framework */,
				AD39D5550769808BA8BA50B7 /* Pods_Fighter.framework */,
			);
			name = Frameworks;
			sourceTree = "<group>";
		};
		6F9B917FCEA464281EBCBEAA /* Pods */ = {
			isa = PBXGroup;
			children = (
				CF422E607A4D4F4B2AFB8B0F /* Pods-Fighter.debug.xcconfig */,
				B1E3002D67F17192AA3138C5 /* Pods-Fighter.release.xcconfig */,
			);
			name = Pods;
			sourceTree = "<group>";
		};
		9481572F1E799E9C00E56625 = {
			isa = PBXGroup;
			children = (
				9481573A1E799E9D00E56625 /* Fighter */,
				948157391E799E9D00E56625 /* Products */,
				6F9B917FCEA464281EBCBEAA /* Pods */,
				608057A2DE7BAAF331133FC3 /* Frameworks */,
			);
			sourceTree = "<group>";
		};
		948157391E799E9D00E56625 /* Products */ = {
			isa = PBXGroup;
			children = (
				948157381E799E9D00E56625 /* Fighter.app */,
			);
			name = Products;
			sourceTree = "<group>";
		};
		9481573A1E799E9D00E56625 /* Fighter */ = {
			isa = PBXGroup;
			children = (
				9481573B1E799E9D00E56625 /* AppDelegate.swift */,
				9481573D1E799E9D00E56625 /* ViewController.swift */,
				94A94EBA1E7AE38400E37687 /* StartOverViewController.swift */,
				9481573F1E799E9D00E56625 /* Main.storyboard */,
				948157421E799E9D00E56625 /* Assets.xcassets */,
				948157441E799E9D00E56625 /* LaunchScreen.storyboard */,
				948157471E799E9D00E56625 /* Info.plist */,
				94A94EAE1E79C0E800E37687 /* SoundEffect.mp3 */,
				9481574D1E79A8B900E56625 /* EnemyEngine.swift */,
				94A94EBC1E7AE66000E37687 /* EnemyLayer.swift */,
				94A94EB41E7AD92F00E37687 /* MeLayer.swift */,
			);
			path = Fighter;
			sourceTree = "<group>";
		};
/* End PBXGroup section */

/* Begin PBXNativeTarget section */
		948157371E799E9D00E56625 /* Fighter */ = {
			isa = PBXNativeTarget;
			buildConfigurationList = 9481574A1E799E9D00E56625 /* Build configuration list for PBXNativeTarget "Fighter" */;
			buildPhases = (
				0F8961691C9A6D521E50E1D8 /* 📦 Check Pods Manifest.lock */,
				948157341E799E9D00E56625 /* Sources */,
				948157351E799E9D00E56625 /* Frameworks */,
				948157361E799E9D00E56625 /* Resources */,
				CB910F3BE8CF1FE130F5BC2E /* 📦 Embed Pods Frameworks */,
				A1D3DD565F1A98605E94911F /* 📦 Copy Pods Resources */,
			);
			buildRules = (
			);
			dependencies = (
			);
			name = Fighter;
			productName = Fighter;
			productReference = 948157381E799E9D00E56625 /* Fighter.app */;
			productType = "com.apple.product-type.application";
		};
/* End PBXNativeTarget section */

/* Begin PBXProject section */
		948157301E799E9C00E56625 /* Project object */ = {
			isa = PBXProject;
			attributes = {
				LastSwiftUpdateCheck = 0820;
				LastUpgradeCheck = 0820;
				ORGANIZATIONNAME = Atomax;
				TargetAttributes = {
					948157371E799E9D00E56625 = {
						CreatedOnToolsVersion = 8.2.1;
						DevelopmentTeam = 9Z7XRG6H79;
						ProvisioningStyle = Automatic;
					};
				};
			};
			buildConfigurationList = 948157331E799E9C00E56625 /* Build configuration list for PBXProject "Fighter" */;
			compatibilityVersion = "Xcode 3.2";
			developmentRegion = English;
			hasScannedForEncodings = 0;
			knownRegions = (
				en,
				Base,
			);
			mainGroup = 9481572F1E799E9C00E56625;
			productRefGroup = 948157391E799E9D00E56625 /* Products */;
			projectDirPath = "";
			projectRoot = "";
			targets = (
				948157371E799E9D00E56625 /* Fighter */,
			);
		};
/* End PBXProject section */

/* Begin PBXResourcesBuildPhase section */
		948157361E799E9D00E56625 /* Resources */ = {
			isa = PBXResourcesBuildPhase;
			buildActionMask = 2147483647;
			files = (
				948157461E799E9D00E56625 /* LaunchScreen.storyboard in Resources */,
				948157431E799E9D00E56625 /* Assets.xcassets in Resources */,
				948157411E799E9D00E56625 /* Main.storyboard in Resources */,
				94A94EAF1E79C0E800E37687 /* SoundEffect.mp3 in Resources */,
			);
			runOnlyForDeploymentPostprocessing = 0;
		};
/* End PBXResourcesBuildPhase section */

/* Begin PBXShellScriptBuildPhase section */
		0F8961691C9A6D521E50E1D8 /* 📦 Check Pods Manifest.lock */ = {
			isa = PBXShellScriptBuildPhase;
			buildActionMask = 2147483647;
			files = (
			);
			inputPaths = (
			);
			name = "📦 Check Pods Manifest.lock";
			outputPaths = (
			);
			runOnlyForDeploymentPostprocessing = 0;
			shellPath = /bin/sh;
			shellScript = "diff \"${PODS_ROOT}/../Podfile.lock\" \"${PODS_ROOT}/Manifest.lock\" > /dev/null\nif [[ $? != 0 ]] ; then\n    cat << EOM\nerror: The sandbox is not in sync with the Podfile.lock. Run 'pod install' or update your CocoaPods installation.\nEOM\n    exit 1\nfi\n";
			showEnvVarsInLog = 0;
		};
		A1D3DD565F1A98605E94911F /* 📦 Copy Pods Resources */ = {
			isa = PBXShellScriptBuildPhase;
			buildActionMask = 2147483647;
			files = (
			);
			inputPaths = (
			);
			name = "📦 Copy Pods Resources";
			outputPaths = (
			);
			runOnlyForDeploymentPostprocessing = 0;
			shellPath = /bin/sh;
			shellScript = "\"${SRCROOT}/Pods/Target Support Files/Pods-Fighter/Pods-Fighter-resources.sh\"\n";
			showEnvVarsInLog = 0;
		};
		CB910F3BE8CF1FE130F5BC2E /* 📦 Embed Pods Frameworks */ = {
			isa = PBXShellScriptBuildPhase;
			buildActionMask = 2147483647;
			files = (
			);
			inputPaths = (
			);
			name = "📦 Embed Pods Frameworks";
			outputPaths = (
			);
			runOnlyForDeploymentPostprocessing = 0;
			shellPath = /bin/sh;
			shellScript = "\"${SRCROOT}/Pods/Target Support Files/Pods-Fighter/Pods-Fighter-frameworks.sh\"\n";
			showEnvVarsInLog = 0;
		};
/* End PBXShellScriptBuildPhase section */

/* Begin PBXSourcesBuildPhase section */
		948157341E799E9D00E56625 /* Sources */ = {
			isa = PBXSourcesBuildPhase;
			buildActionMask = 2147483647;
			files = (
				9481573E1E799E9D00E56625 /* ViewController.swift in Sources */,
				94A94EBB1E7AE38400E37687 /* StartOverViewController.swift in Sources */,
				94A94EBD1E7AE66000E37687 /* EnemyLayer.swift in Sources */,
				9481574E1E79A8B900E56625 /* EnemyEngine.swift in Sources */,
				9481573C1E799E9D00E56625 /* AppDelegate.swift in Sources */,
				94A94EB51E7AD92F00E37687 /* MeLayer.swift in Sources */,
			);
			runOnlyForDeploymentPostprocessing = 0;
		};
/* End PBXSourcesBuildPhase section */

/* Begin PBXVariantGroup section */
		9481573F1E799E9D00E56625 /* Main.storyboard */ = {
			isa = PBXVariantGroup;
			children = (
				948157401E799E9D00E56625 /* Base */,
			);
			name = Main.storyboard;
			sourceTree = "<group>";
		};
		948157441E799E9D00E56625 /* LaunchScreen.storyboard */ = {
			isa = PBXVariantGroup;
			children = (
				948157451E799E9D00E56625 /* Base */,
			);
			name = LaunchScreen.storyboard;
			sourceTree = "<group>";
		};
/* End PBXVariantGroup section */

/* Begin XCBuildConfiguration section */
		948157481E799E9D00E56625 /* Debug */ = {
			isa = XCBuildConfiguration;
			buildSettings = {
				ALWAYS_SEARCH_USER_PATHS = NO;
				CLANG_ANALYZER_NONNULL = YES;
				CLANG_CXX_LANGUAGE_STANDARD = "gnu++0x";
				CLANG_CXX_LIBRARY = "libc++";
				CLANG_ENABLE_MODULES = YES;
				CLANG_ENABLE_OBJC_ARC = YES;
				CLANG_WARN_BOOL_CONVERSION = YES;
				CLANG_WARN_CONSTANT_CONVERSION = YES;
				CLANG_WARN_DIRECT_OBJC_ISA_USAGE = YES_ERROR;
				CLANG_WARN_DOCUMENTATION_COMMENTS = YES;
				CLANG_WARN_EMPTY_BODY = YES;
				CLANG_WARN_ENUM_CONVERSION = YES;
				CLANG_WARN_INFINITE_RECURSION = YES;
				CLANG_WARN_INT_CONVERSION = YES;
				CLANG_WARN_OBJC_ROOT_CLASS = YES_ERROR;
				CLANG_WARN_SUSPICIOUS_MOVE = YES;
				CLANG_WARN_UNREACHABLE_CODE = YES;
				CLANG_WARN__DUPLICATE_METHOD_MATCH = YES;
				"CODE_SIGN_IDENTITY[sdk=iphoneos*]" = "iPhone Developer";
				COPY_PHASE_STRIP = NO;
				DEBUG_INFORMATION_FORMAT = dwarf;
				ENABLE_STRICT_OBJC_MSGSEND = YES;
				ENABLE_TESTABILITY = YES;
				GCC_C_LANGUAGE_STANDARD = gnu99;
				GCC_DYNAMIC_NO_PIC = NO;
				GCC_NO_COMMON_BLOCKS = YES;
				GCC_OPTIMIZATION_LEVEL = 0;
				GCC_PREPROCESSOR_DEFINITIONS = (
					"DEBUG=1",
					"$(inherited)",
				);
				GCC_WARN_64_TO_32_BIT_CONVERSION = YES;
				GCC_WARN_ABOUT_RETURN_TYPE = YES_ERROR;
				GCC_WARN_UNDECLARED_SELECTOR = YES;
				GCC_WARN_UNINITIALIZED_AUTOS = YES_AGGRESSIVE;
				GCC_WARN_UNUSED_FUNCTION = YES;
				GCC_WARN_UNUSED_VARIABLE = YES;
				IPHONEOS_DEPLOYMENT_TARGET = 10.2;
				MTL_ENABLE_DEBUG_INFO = YES;
				ONLY_ACTIVE_ARCH = YES;
				SDKROOT = iphoneos;
				SWIFT_ACTIVE_COMPILATION_CONDITIONS = DEBUG;
				SWIFT_OPTIMIZATION_LEVEL = "-Onone";
			};
			name = Debug;
		};
		948157491E799E9D00E56625 /* Release */ = {
			isa = XCBuildConfiguration;
			buildSettings = {
				ALWAYS_SEARCH_USER_PATHS = NO;
				CLANG_ANALYZER_NONNULL = YES;
				CLANG_CXX_LANGUAGE_STANDARD = "gnu++0x";
				CLANG_CXX_LIBRARY = "libc++";
				CLANG_ENABLE_MODULES = YES;
				CLANG_ENABLE_OBJC_ARC = YES;
				CLANG_WARN_BOOL_CONVERSION = YES;
				CLANG_WARN_CONSTANT_CONVERSION = YES;
				CLANG_WARN_DIRECT_OBJC_ISA_USAGE = YES_ERROR;
				CLANG_WARN_DOCUMENTATION_COMMENTS = YES;
				CLANG_WARN_EMPTY_BODY = YES;
				CLANG_WARN_ENUM_CONVERSION = YES;
				CLANG_WARN_INFINITE_RECURSION = YES;
				CLANG_WARN_INT_CONVERSION = YES;
				CLANG_WARN_OBJC_ROOT_CLASS = YES_ERROR;
				CLANG_WARN_SUSPICIOUS_MOVE = YES;
				CLANG_WARN_UNREACHABLE_CODE = YES;
				CLANG_WARN__DUPLICATE_METHOD_MATCH = YES;
				"CODE_SIGN_IDENTITY[sdk=iphoneos*]" = "iPhone Developer";
				COPY_PHASE_STRIP = NO;
				DEBUG_INFORMATION_FORMAT = "dwarf-with-dsym";
				ENABLE_NS_ASSERTIONS = NO;
				ENABLE_STRICT_OBJC_MSGSEND = YES;
				GCC_C_LANGUAGE_STANDARD = gnu99;
				GCC_NO_COMMON_BLOCKS = YES;
				GCC_WARN_64_TO_32_BIT_CONVERSION = YES;
				GCC_WARN_ABOUT_RETURN_TYPE = YES_ERROR;
				GCC_WARN_UNDECLARED_SELECTOR = YES;
				GCC_WARN_UNINITIALIZED_AUTOS = YES_AGGRESSIVE;
				GCC_WARN_UNUSED_FUNCTION = YES;
				GCC_WARN_UNUSED_VARIABLE = YES;
				IPHONEOS_DEPLOYMENT_TARGET = 10.2;
				MTL_ENABLE_DEBUG_INFO = NO;
				SDKROOT = iphoneos;
				SWIFT_OPTIMIZATION_LEVEL = "-Owholemodule";
				VALIDATE_PRODUCT = YES;
			};
			name = Release;
		};
		9481574B1E799E9D00E56625 /* Debug */ = {
			isa = XCBuildConfiguration;
			baseConfigurationReference = CF422E607A4D4F4B2AFB8B0F /* Pods-Fighter.debug.xcconfig */;
			buildSettings = {
				ASSETCATALOG_COMPILER_APPICON_NAME = AppIcon;
				DEVELOPMENT_TEAM = 9Z7XRG6H79;
				INFOPLIST_FILE = Fighter/Info.plist;
				IPHONEOS_DEPLOYMENT_TARGET = 9.3;
				LD_RUNPATH_SEARCH_PATHS = "$(inherited) @executable_path/Frameworks";
				PRODUCT_BUNDLE_IDENTIFIER = com.atoamxinc.live.Fighter;
				PRODUCT_NAME = "$(TARGET_NAME)";
				SWIFT_VERSION = 3.0;
			};
			name = Debug;
		};
		9481574C1E799E9D00E56625 /* Release */ = {
			isa = XCBuildConfiguration;
			baseConfigurationReference = B1E3002D67F17192AA3138C5 /* Pods-Fighter.release.xcconfig */;
			buildSettings = {
				ASSETCATALOG_COMPILER_APPICON_NAME = AppIcon;
				DEVELOPMENT_TEAM = 9Z7XRG6H79;
				INFOPLIST_FILE = Fighter/Info.plist;
				IPHONEOS_DEPLOYMENT_TARGET = 9.3;
				LD_RUNPATH_SEARCH_PATHS = "$(inherited) @executable_path/Frameworks";
				PRODUCT_BUNDLE_IDENTIFIER = com.atoamxinc.live.Fighter;
				PRODUCT_NAME = "$(TARGET_NAME)";
				SWIFT_VERSION = 3.0;
			};
			name = Release;
		};
/* End XCBuildConfiguration section */

/* Begin XCConfigurationList section */
		948157331E799E9C00E56625 /* Build configuration list for PBXProject "Fighter" */ = {
			isa = XCConfigurationList;
			buildConfigurations = (
				948157481E799E9D00E56625 /* Debug */,
				948157491E799E9D00E56625 /* Release */,
			);
			defaultConfigurationIsVisible = 0;
			defaultConfigurationName = Release;
		};
		9481574A1E799E9D00E56625 /* Build configuration list for PBXNativeTarget "Fighter" */ = {
			isa = XCConfigurationList;
			buildConfigurations = (
				9481574B1E799E9D00E56625 /* Debug */,
				9481574C1E799E9D00E56625 /* Release */,
			);
			defaultConfigurationIsVisible = 0;
			defaultConfigurationName = Release;
		};
/* End XCConfigurationList section */
	};
	rootObject = 948157301E799E9C00E56625 /* Project object */;
}
